// !$*UTF8*$!
{
	archiveVersion = 1;
	classes = {
	};
	objectVersion = 46;
	objects = {

/* Begin PBXBuildFile section */
		3049461C1F17B78400C82888 /* AppDelegate.swift in Sources */ = {isa = PBXBuildFile; fileRef = 3049461B1F17B78400C82888 /* AppDelegate.swift */; };
		3049461E1F17B78400C82888 /* ViewController.swift in Sources */ = {isa = PBXBuildFile; fileRef = 3049461D1F17B78400C82888 /* ViewController.swift */; };
		304946211F17B78400C82888 /* Main.storyboard in Resources */ = {isa = PBXBuildFile; fileRef = 3049461F1F17B78400C82888 /* Main.storyboard */; };
		304946261F17B78400C82888 /* LaunchScreen.storyboard in Resources */ = {isa = PBXBuildFile; fileRef = 304946241F17B78400C82888 /* LaunchScreen.storyboard */; };
		3049462E1F18246600C82888 /* CarListViewController.swift in Sources */ = {isa = PBXBuildFile; fileRef = 3049462D1F18246600C82888 /* CarListViewController.swift */; };
		304946301F18296700C82888 /* CarCell.swift in Sources */ = {isa = PBXBuildFile; fileRef = 3049462F1F18296700C82888 /* CarCell.swift */; };
		304946321F182D4100C82888 /* Car.swift in Sources */ = {isa = PBXBuildFile; fileRef = 304946311F182D4100C82888 /* Car.swift */; };
		304946341F1838DF00C82888 /* AddNewCarDelegate.swift in Sources */ = {isa = PBXBuildFile; fileRef = 304946331F1838DF00C82888 /* AddNewCarDelegate.swift */; };
		308CE2901F196F3F00F69B57 /* Assets.xcassets in Resources */ = {isa = PBXBuildFile; fileRef = 308CE28F1F196F3F00F69B57 /* Assets.xcassets */; };
/* End PBXBuildFile section */

/* Begin PBXFileReference section */
		304946181F17B78400C82888 /* HomeWork3.app */ = {isa = PBXFileReference; explicitFileType = wrapper.application; includeInIndex = 0; path = HomeWork3.app; sourceTree = BUILT_PRODUCTS_DIR; };
		3049461B1F17B78400C82888 /* AppDelegate.swift */ = {isa = PBXFileReference; lastKnownFileType = sourcecode.swift; path = AppDelegate.swift; sourceTree = "<group>"; };
		3049461D1F17B78400C82888 /* ViewController.swift */ = {isa = PBXFileReference; lastKnownFileType = sourcecode.swift; path = ViewController.swift; sourceTree = "<group>"; };
		304946201F17B78400C82888 /* Base */ = {isa = PBXFileReference; lastKnownFileType = file.storyboard; name = Base; path = Base.lproj/Main.storyboard; sourceTree = "<group>"; };
		304946251F17B78400C82888 /* Base */ = {isa = PBXFileReference; lastKnownFileType = file.storyboard; name = Base; path = Base.lproj/LaunchScreen.storyboard; sourceTree = "<group>"; };
		304946271F17B78400C82888 /* Info.plist */ = {isa = PBXFileReference; lastKnownFileType = text.plist.xml; path = Info.plist; sourceTree = "<group>"; };
		3049462D1F18246600C82888 /* CarListViewController.swift */ = {isa = PBXFileReference; fileEncoding = 4; lastKnownFileType = sourcecode.swift; path = CarListViewController.swift; sourceTree = "<group>"; };
		3049462F1F18296700C82888 /* CarCell.swift */ = {isa = PBXFileReference; fileEncoding = 4; lastKnownFileType = sourcecode.swift; path = CarCell.swift; sourceTree = "<group>"; };
		304946311F182D4100C82888 /* Car.swift */ = {isa = PBXFileReference; fileEncoding = 4; lastKnownFileType = sourcecode.swift; path = Car.swift; sourceTree = "<group>"; };
		304946331F1838DF00C82888 /* AddNewCarDelegate.swift */ = {isa = PBXFileReference; fileEncoding = 4; lastKnownFileType = sourcecode.swift; path = AddNewCarDelegate.swift; sourceTree = "<group>"; };
		308CE28F1F196F3F00F69B57 /* Assets.xcassets */ = {isa = PBXFileReference; lastKnownFileType = folder.assetcatalog; path = Assets.xcassets; sourceTree = "<group>"; };
/* End PBXFileReference section */

/* Begin PBXFrameworksBuildPhase section */
		304946151F17B78400C82888 /* Frameworks */ = {
			isa = PBXFrameworksBuildPhase;
			buildActionMask = 2147483647;
			files = (
			);
			runOnlyForDeploymentPostprocessing = 0;
		};
/* End PBXFrameworksBuildPhase section */

/* Begin PBXGroup section */
		3049460F1F17B78300C82888 = {
			isa = PBXGroup;
			children = (
				3049461A1F17B78400C82888 /* HomeWork3 */,
				304946191F17B78400C82888 /* Products */,
			);
			sourceTree = "<group>";
		};
		304946191F17B78400C82888 /* Products */ = {
			isa = PBXGroup;
			children = (
				304946181F17B78400C82888 /* HomeWork3.app */,
			);
			name = Products;
			sourceTree = "<group>";
		};
		3049461A1F17B78400C82888 /* HomeWork3 */ = {
			isa = PBXGroup;
			children = (
				308CE28F1F196F3F00F69B57 /* Assets.xcassets */,
				3049461B1F17B78400C82888 /* AppDelegate.swift */,
				3049461D1F17B78400C82888 /* ViewController.swift */,
				3049462D1F18246600C82888 /* CarListViewController.swift */,
				3049462F1F18296700C82888 /* CarCell.swift */,
				304946331F1838DF00C82888 /* AddNewCarDelegate.swift */,
				3049461F1F17B78400C82888 /* Main.storyboard */,
				304946241F17B78400C82888 /* LaunchScreen.storyboard */,
				304946271F17B78400C82888 /* Info.plist */,
				304946311F182D4100C82888 /* Car.swift */,
			);
			path = HomeWork3;
			sourceTree = "<group>";
		};
/* End PBXGroup section */

/* Begin PBXNativeTarget section */
		304946171F17B78400C82888 /* HomeWork3 */ = {
			isa = PBXNativeTarget;
			buildConfigurationList = 3049462A1F17B78400C82888 /* Build configuration list for PBXNativeTarget "HomeWork3" */;
			buildPhases = (
				304946141F17B78400C82888 /* Sources */,
				304946151F17B78400C82888 /* Frameworks */,
				304946161F17B78400C82888 /* Resources */,
			);
			buildRules = (
			);
			dependencies = (
			);
			name = HomeWork3;
			productName = HomeWork3;
			productReference = 304946181F17B78400C82888 /* HomeWork3.app */;
			productType = "com.apple.product-type.application";
		};
/* End PBXNativeTarget section */

/* Begin PBXProject section */
		304946101F17B78300C82888 /* Project object */ = {
			isa = PBXProject;
			attributes = {
				LastSwiftUpdateCheck = 0830;
				LastUpgradeCheck = 0830;
				ORGANIZATIONNAME = GoIT;
				TargetAttributes = {
					304946171F17B78400C82888 = {
						CreatedOnToolsVersion = 8.3.2;
						DevelopmentTeam = 799U77K8ES;
						ProvisioningStyle = Automatic;
					};
				};
			};
			buildConfigurationList = 304946131F17B78300C82888 /* Build configuration list for PBXProject "HomeWork3" */;
			compatibilityVersion = "Xcode 3.2";
			developmentRegion = English;
			hasScannedForEncodings = 0;
			knownRegions = (
				en,
				Base,
			);
			mainGroup = 3049460F1F17B78300C82888;
			productRefGroup = 304946191F17B78400C82888 /* Products */;
			projectDirPath = "";
			projectRoot = "";
			targets = (
				304946171F17B78400C82888 /* HomeWork3 */,
			);
		};
/* End PBXProject section */

/* Begin PBXResourcesBuildPhase section */
		304946161F17B78400C82888 /* Resources */ = {
			isa = PBXResourcesBuildPhase;
			buildActionMask = 2147483647;
			files = (
				304946261F17B78400C82888 /* LaunchScreen.storyboard in Resources */,
				308CE2901F196F3F00F69B57 /* Assets.xcassets in Resources */,
				304946211F17B78400C82888 /* Main.storyboard in Resources */,
			);
			runOnlyForDeploymentPostprocessing = 0;
		};
/* End PBXResourcesBuildPhase section */

/* Begin PBXSourcesBuildPhase section */
		304946141F17B78400C82888 /* Sources */ = {
			isa = PBXSourcesBuildPhase;
			buildActionMask = 2147483647;
			files = (
				304946341F1838DF00C82888 /* AddNewCarDelegate.swift in Sources */,
				3049461E1F17B78400C82888 /* ViewController.swift in Sources */,
				3049462E1F18246600C82888 /* CarListViewController.swift in Sources */,
				304946321F182D4100C82888 /* Car.swift in Sources */,
				304946301F18296700C82888 /* CarCell.swift in Sources */,
				3049461C1F17B78400C82888 /* AppDelegate.swift in Sources */,
			);
			runOnlyForDeploymentPostprocessing = 0;
		};
/* End PBXSourcesBuildPhase section */

/* Begin PBXVariantGroup section */
		3049461F1F17B78400C82888 /* Main.storyboard */ = {
			isa = PBXVariantGroup;
			children = (
				304946201F17B78400C82888 /* Base */,
			);
			name = Main.storyboard;
			sourceTree = "<group>";
		};
		304946241F17B78400C82888 /* LaunchScreen.storyboard */ = {
			isa = PBXVariantGroup;
			children = (
				304946251F17B78400C82888 /* Base */,
			);
			name = LaunchScreen.storyboard;
			sourceTree = "<group>";
		};
/* End PBXVariantGroup section */

/* Begin XCBuildConfiguration section */
		304946281F17B78400C82888 /* Debug */ = {
			isa = XCBuildConfiguration;
			buildSettings = {
				ALWAYS_SEARCH_USER_PATHS = NO;
				CLANG_ANALYZER_NONNULL = YES;
				CLANG_ANALYZER_NUMBER_OBJECT_CONVERSION = YES_AGGRESSIVE;
				CLANG_CXX_LANGUAGE_STANDARD = "gnu++0x";
				CLANG_CXX_LIBRARY = "libc++";
				CLANG_ENABLE_MODULES = YES;
				CLANG_ENABLE_OBJC_ARC = YES;
				CLANG_WARN_BOOL_CONVERSION = YES;
				CLANG_WARN_CONSTANT_CONVERSION = YES;
				CLANG_WARN_DIRECT_OBJC_ISA_USAGE = YES_ERROR;
				CLANG_WARN_DOCUMENTATION_COMMENTS = YES;
				CLANG_WARN_EMPTY_BODY = YES;
				CLANG_WARN_ENUM_CONVERSION = YES;
				CLANG_WARN_INFINITE_RECURSION = YES;
				CLANG_WARN_INT_CONVERSION = YES;
				CLANG_WARN_OBJC_ROOT_CLASS = YES_ERROR;
				CLANG_WARN_SUSPICIOUS_MOVE = YES;
				CLANG_WARN_UNREACHABLE_CODE = YES;
				CLANG_WARN__DUPLICATE_METHOD_MATCH = YES;
				"CODE_SIGN_IDENTITY[sdk=iphoneos*]" = "iPhone Developer";
				COPY_PHASE_STRIP = NO;
				DEBUG_INFORMATION_FORMAT = dwarf;
				ENABLE_STRICT_OBJC_MSGSEND = YES;
				ENABLE_TESTABILITY = YES;
				GCC_C_LANGUAGE_STANDARD = gnu99;
				GCC_DYNAMIC_NO_PIC = NO;
				GCC_NO_COMMON_BLOCKS = YES;
				GCC_OPTIMIZATION_LEVEL = 0;
				GCC_PREPROCESSOR_DEFINITIONS = (
					"DEBUG=1",
					"$(inherited)",
				);
				GCC_WARN_64_TO_32_BIT_CONVERSION = YES;
				GCC_WARN_ABOUT_RETURN_TYPE = YES_ERROR;
				GCC_WARN_UNDECLARED_SELECTOR = YES;
				GCC_WARN_UNINITIALIZED_AUTOS = YES_AGGRESSIVE;
				GCC_WARN_UNUSED_FUNCTION = YES;
				GCC_WARN_UNUSED_VARIABLE = YES;
				IPHONEOS_DEPLOYMENT_TARGET = 10.3;
				MTL_ENABLE_DEBUG_INFO = YES;
				ONLY_ACTIVE_ARCH = YES;
				SDKROOT = iphoneos;
				SWIFT_ACTIVE_COMPILATION_CONDITIONS = DEBUG;
				SWIFT_OPTIMIZATION_LEVEL = "-Onone";
				TARGETED_DEVICE_FAMILY = "1,2";
			};
			name = Debug;
		};
		304946291F17B78400C82888 /* Release */ = {
			isa = XCBuildConfiguration;
			buildSettings = {
				ALWAYS_SEARCH_USER_PATHS = NO;
				CLANG_ANALYZER_NONNULL = YES;
				CLANG_ANALYZER_NUMBER_OBJECT_CONVERSION = YES_AGGRESSIVE;
				CLANG_CXX_LANGUAGE_STANDARD = "gnu++0x";
				CLANG_CXX_LIBRARY = "libc++";
				CLANG_ENABLE_MODULES = YES;
				CLANG_ENABLE_OBJC_ARC = YES;
				CLANG_WARN_BOOL_CONVERSION = YES;
				CLANG_WARN_CONSTANT_CONVERSION = YES;
				CLANG_WARN_DIRECT_OBJC_ISA_USAGE = YES_ERROR;
				CLANG_WARN_DOCUMENTATION_COMMENTS = YES;
				CLANG_WARN_EMPTY_BODY = YES;
				CLANG_WARN_ENUM_CONVERSION = YES;
				CLANG_WARN_INFINITE_RECURSION = YES;
				CLANG_WARN_INT_CONVERSION = YES;
				CLANG_WARN_OBJC_ROOT_CLASS = YES_ERROR;
				CLANG_WARN_SUSPICIOUS_MOVE = YES;
				CLANG_WARN_UNREACHABLE_CODE = YES;
				CLANG_WARN__DUPLICATE_METHOD_MATCH = YES;
				"CODE_SIGN_IDENTITY[sdk=iphoneos*]" = "iPhone Developer";
				COPY_PHASE_STRIP = NO;
				DEBUG_INFORMATION_FORMAT = "dwarf-with-dsym";
				ENABLE_NS_ASSERTIONS = NO;
				ENABLE_STRICT_OBJC_MSGSEND = YES;
				GCC_C_LANGUAGE_STANDARD = gnu99;
				GCC_NO_COMMON_BLOCKS = YES;
				GCC_WARN_64_TO_32_BIT_CONVERSION = YES;
				GCC_WARN_ABOUT_RETURN_TYPE = YES_ERROR;
				GCC_WARN_UNDECLARED_SELECTOR = YES;
				GCC_WARN_UNINITIALIZED_AUTOS = YES_AGGRESSIVE;
				GCC_WARN_UNUSED_FUNCTION = YES;
				GCC_WARN_UNUSED_VARIABLE = YES;
				IPHONEOS_DEPLOYMENT_TARGET = 10.3;
				MTL_ENABLE_DEBUG_INFO = NO;
				SDKROOT = iphoneos;
				SWIFT_OPTIMIZATION_LEVEL = "-Owholemodule";
				TARGETED_DEVICE_FAMILY = "1,2";
				VALIDATE_PRODUCT = YES;
			};
			name = Release;
		};
		3049462B1F17B78400C82888 /* Debug */ = {
			isa = XCBuildConfiguration;
			buildSettings = {
				ASSETCATALOG_COMPILER_APPICON_NAME = AppIcon;
				DEVELOPMENT_TEAM = 799U77K8ES;
				INFOPLIST_FILE = HomeWork3/Info.plist;
				LD_RUNPATH_SEARCH_PATHS = "$(inherited) @executable_path/Frameworks";
				PRODUCT_BUNDLE_IDENTIFIER = GoIT.HomeWork3;
				PRODUCT_NAME = "$(TARGET_NAME)";
				SWIFT_VERSION = 3.0;
			};
			name = Debug;
		};
		3049462C1F17B78400C82888 /* Release */ = {
			isa = XCBuildConfiguration;
			buildSettings = {
				ASSETCATALOG_COMPILER_APPICON_NAME = AppIcon;
				DEVELOPMENT_TEAM = 799U77K8ES;
				INFOPLIST_FILE = HomeWork3/Info.plist;
				LD_RUNPATH_SEARCH_PATHS = "$(inherited) @executable_path/Frameworks";
				PRODUCT_BUNDLE_IDENTIFIER = GoIT.HomeWork3;
				PRODUCT_NAME = "$(TARGET_NAME)";
				SWIFT_VERSION = 3.0;
			};
			name = Release;
		};
/* End XCBuildConfiguration section */

/* Begin XCConfigurationList section */
		304946131F17B78300C82888 /* Build configuration list for PBXProject "HomeWork3" */ = {
			isa = XCConfigurationList;
			buildConfigurations = (
				304946281F17B78400C82888 /* Debug */,
				304946291F17B78400C82888 /* Release */,
			);
			defaultConfigurationIsVisible = 0;
			defaultConfigurationName = Release;
		};
		3049462A1F17B78400C82888 /* Build configuration list for PBXNativeTarget "HomeWork3" */ = {
			isa = XCConfigurationList;
			buildConfigurations = (
				3049462B1F17B78400C82888 /* Debug */,
				3049462C1F17B78400C82888 /* Release */,
			);
			defaultConfigurationIsVisible = 0;
			defaultConfigurationName = Release;
		};
/* End XCConfigurationList section */
	};
	rootObject = 304946101F17B78300C82888 /* Project object */;
}
